
Microsoft Visual Studio Solution File, Format Version 12.00
# Visual Studio Version 18
VisualStudioVersion = 18.4.11605.240 stable
MinimumVisualStudioVersion = 10.0.40219.1
Project("{FAE04EC0-301F-11D3-BF4B-00C04F79EFBC}") = "DbMigratorApp", "DbMigratorApp.csproj", "{EA89FF39-1153-2B50-C0EA-8DCDFCDA2D50}"
EndProject
Global
	GlobalSection(SolutionConfigurationPlatforms) = preSolution
		Debug|Any CPU = Debug|Any CPU
		Release|Any CPU = Release|Any CPU
	EndGlobalSection
	GlobalSection(ProjectConfigurationPlatforms) = postSolution
		{EA89FF39-1153-2B50-C0EA-8DCDFCDA2D50}.Debug|Any CPU.ActiveCfg = Debug|Any CPU
		{EA89FF39-1153-2B50-C0EA-8DCDFCDA2D50}.Debug|Any CPU.Build.0 = Debug|Any CPU
		{EA89FF39-1153-2B50-C0EA-8DCDFCDA2D50}.Release|Any CPU.ActiveCfg = Release|Any CPU
		{EA89FF39-1153-2B50-C0EA-8DCDFCDA2D50}.Release|Any CPU.Build.0 = Release|Any CPU
	EndGlobalSection
	GlobalSection(SolutionProperties) = preSolution
		HideSolutionNode = FALSE
	EndGlobalSection
	GlobalSection(ExtensibilityGlobals) = postSolution
		SolutionGuid = {8C1C46D9-D274-401C-9A82-F576719BFC2A}
	EndGlobalSection
EndGlobal
